{
  "nodes": {
    "ProofWidgets": {
      "flake": false,
      "locked": {
        "lastModified": 1700451233,
        "narHash": "sha256-cjwj5sWhfPROh0MWorpvSfTqyqF1+/RE682Gt0mlZLE=",
        "owner": "leanprover-community",
        "repo": "ProofWidgets4",
        "rev": "909febc72b4f64628f8d35cd0554f8a90b6e0749",
        "type": "github"
      },
      "original": {
        "owner": "leanprover-community",
        "ref": "v0.0.23",
        "repo": "ProofWidgets4",
        "type": "github"
      }
    },
    "aesop": {
      "flake": false,
      "locked": {
        "lastModified": 1698733273,
        "narHash": "sha256-ROh5m0ifjkQy02FutjbwCQxRYUnnEcTxfHa5P0o6GJ4=",
        "owner": "leanprover-community",
        "repo": "aesop",
        "rev": "0654e7a1ba1542c3a24f936e52a40b3fee6c13c0",
        "type": "github"
      },
      "original": {
        "owner": "leanprover-community",
        "ref": "v4.2.0",
        "repo": "aesop",
        "type": "github"
      }
    },
    "cli": {
      "flake": false,
      "locked": {
        "lastModified": 1695286356,
        "narHash": "sha256-X6sm6Gzu1Pkl7Ww/w947DmtV9OE+DATEqsvRy+6JdXI=",
        "owner": "leanprover",
        "repo": "lean4-cli",
        "rev": "2245a1dda89cbd3e0340527b8682015b99bcec03",
        "type": "github"
      },
      "original": {
        "owner": "leanprover",
        "ref": "v2.2.0-lv4.0.0",
        "repo": "lean4-cli",
        "type": "github"
      }
    },
    "flake-utils": {
      "locked": {
        "lastModified": 1656928814,
        "narHash": "sha256-RIFfgBuKz6Hp89yRr7+NR5tzIAbn52h8vT6vXkYjZoM=",
        "owner": "numtide",
        "repo": "flake-utils",
        "rev": "7e2a3b3dfd9af950a856d66b0a7d01e3c18aa249",
        "type": "github"
      },
      "original": {
        "owner": "numtide",
        "repo": "flake-utils",
        "type": "github"
      }
    },
    "flake-utils_2": {
      "inputs": {
        "systems": "systems"
      },
      "locked": {
        "lastModified": 1681202837,
        "narHash": "sha256-H+Rh19JDwRtpVPAWp64F+rlEtxUWBAQW28eAi3SRSzg=",
        "owner": "numtide",
        "repo": "flake-utils",
        "rev": "cfacdce06f30d2b68473a46042957675eebb3401",
        "type": "github"
      },
      "original": {
        "owner": "numtide",
        "repo": "flake-utils",
        "type": "github"
      }
    },
    "lean": {
      "inputs": {
        "flake-utils": "flake-utils",
        "lean4-mode": "lean4-mode",
        "nix": "nix",
        "nixpkgs": [
          "nixpkgs"
        ]
      },
      "locked": {
        "lastModified": 1698714580,
        "narHash": "sha256-56YtHCiNMP5fJoddSokEl0ws06IwetYLer4aLCnujZA=",
        "owner": "leanprover",
        "repo": "lean4",
        "rev": "0d7051497ea09b2b4a4ef608e371b8f317487c3c",
        "type": "github"
      },
      "original": {
        "owner": "leanprover",
        "ref": "v4.2.0",
        "repo": "lean4",
        "type": "github"
      }
    },
    "lean4-mode": {
      "flake": false,
      "locked": {
        "lastModified": 1676498134,
        "narHash": "sha256-u3WvyKxOViZG53hkb8wd2/Og6muTecbh+NdflIgVeyk=",
        "owner": "leanprover",
        "repo": "lean4-mode",
        "rev": "2c6ef33f476fdf5eb5e4fa4fa023ba8b11372440",
        "type": "github"
      },
      "original": {
        "owner": "leanprover",
        "repo": "lean4-mode",
        "type": "github"
      }
    },
    "lowdown-src": {
      "flake": false,
      "locked": {
        "lastModified": 1633514407,
        "narHash": "sha256-Dw32tiMjdK9t3ETl5fzGrutQTzh2rufgZV4A/BbxuD4=",
        "owner": "kristapsdz",
        "repo": "lowdown",
        "rev": "d2c2b44ff6c27b936ec27358a2653caaef8f73b8",
        "type": "github"
      },
      "original": {
        "owner": "kristapsdz",
        "repo": "lowdown",
        "type": "github"
      }
    },
    "mathlib": {
      "flake": false,
      "locked": {
        "lastModified": 1698730543,
        "narHash": "sha256-Ks4NGyz2g3CewCaTqt1yoCdwCHpMaGY06jKW7XKiYI4=",
        "owner": "leanprover-community",
        "repo": "mathlib4",
        "rev": "753159252c585df6b6aa7c48d2b8828d58388b79",
        "type": "github"
      },
      "original": {
        "owner": "leanprover-community",
        "ref": "v4.2.0",
        "repo": "mathlib4",
        "type": "github"
      }
    },
    "nix": {
      "inputs": {
        "lowdown-src": "lowdown-src",
        "nixpkgs": "nixpkgs",
        "nixpkgs-regression": "nixpkgs-regression"
      },
      "locked": {
        "lastModified": 1657097207,
        "narHash": "sha256-SmeGmjWM3fEed3kQjqIAO8VpGmkC2sL1aPE7kKpK650=",
        "owner": "NixOS",
        "repo": "nix",
        "rev": "f6316b49a0c37172bca87ede6ea8144d7d89832f",
        "type": "github"
      },
      "original": {
        "owner": "NixOS",
        "repo": "nix",
        "type": "github"
      }
    },
    "nixpkgs": {
      "locked": {
        "lastModified": 1653988320,
        "narHash": "sha256-ZaqFFsSDipZ6KVqriwM34T739+KLYJvNmCWzErjAg7c=",
        "owner": "NixOS",
        "repo": "nixpkgs",
        "rev": "2fa57ed190fd6c7c746319444f34b5917666e5c1",
        "type": "github"
      },
      "original": {
        "owner": "NixOS",
        "ref": "nixos-22.05-small",
        "repo": "nixpkgs",
        "type": "github"
      }
    },
    "nixpkgs-regression": {
      "locked": {
        "lastModified": 1643052045,
        "narHash": "sha256-uGJ0VXIhWKGXxkeNnq4TvV3CIOkUJ3PAoLZ3HMzNVMw=",
        "owner": "NixOS",
        "repo": "nixpkgs",
        "rev": "215d4d0fd80ca5163643b03a33fde804a29cc1e2",
        "type": "github"
      },
      "original": {
        "owner": "NixOS",
        "repo": "nixpkgs",
        "rev": "215d4d0fd80ca5163643b03a33fde804a29cc1e2",
        "type": "github"
      }
    },
    "nixpkgs_2": {
      "locked": {
        "lastModified": 1701058557,
        "narHash": "sha256-fux7HlrnoNs93MN0kET4AfiYwg/expoasndRCFeDRyk=",
        "owner": "NixOS",
        "repo": "nixpkgs",
        "rev": "070b5cf9f70bc7ef2dfd739a1f7d6c563fe64bd1",
        "type": "github"
      },
      "original": {
        "id": "nixpkgs",
        "ref": "nixos-23.11",
        "type": "indirect"
      }
    },
    "quote": {
      "flake": false,
      "locked": {
        "lastModified": 1700012235,
        "narHash": "sha256-oL1I+Ri1jj1NLG/9a2V0pawl3qm7ouLGFXH3owRjd1c=",
        "owner": "leanprover-community",
        "repo": "quote4",
        "rev": "d3a1d25f3eba0d93a58d5d3d027ffa78ece07755",
        "type": "github"
      },
      "original": {
        "owner": "leanprover-community",
        "repo": "quote4",
        "type": "github"
      }
    },
    "root": {
      "inputs": {
        "ProofWidgets": "ProofWidgets",
        "aesop": "aesop",
        "cli": "cli",
        "lean": "lean",
        "mathlib": "mathlib",
        "nixpkgs": "nixpkgs_2",
        "quote": "quote",
        "rust-overlay": "rust-overlay",
        "std": "std"
      }
    },
    "rust-overlay": {
      "inputs": {
        "flake-utils": "flake-utils_2",
        "nixpkgs": [
          "nixpkgs"
        ]
      },
      "locked": {
        "lastModified": 1701137803,
        "narHash": "sha256-0LcPAdql5IhQSUXJx3Zna0dYTgdIoYO7zUrsKgiBd04=",
        "owner": "oxalica",
        "repo": "rust-overlay",
        "rev": "9dd940c967502f844eacea52a61e9596268d4f70",
        "type": "github"
      },
      "original": {
        "owner": "oxalica",
        "repo": "rust-overlay",
        "type": "github"
      }
    },
    "std": {
      "flake": false,
      "locked": {
        "lastModified": 1698726084,
        "narHash": "sha256-3iVN8Uxgu4k8qTJFlzHmGguD4xEjMCBg3xleP/UYPAw=",
        "owner": "leanprover",
        "repo": "std4",
        "rev": "409a644492aaff846b6b2963e221c7f1ceaf30cc",
        "type": "github"
      },
      "original": {
        "owner": "leanprover",
        "ref": "v4.2.0",
        "repo": "std4",
        "type": "github"
      }
    },
    "systems": {
      "locked": {
        "lastModified": 1681028828,
        "narHash": "sha256-Vy1rq5AaRuLzOxct8nz4T6wlgyUR7zLU309k9mBC768=",
        "owner": "nix-systems",
        "repo": "default",
        "rev": "da67096a3b9bf56a91d16901293e51ba5b49a27e",
        "type": "github"
      },
      "original": {
        "owner": "nix-systems",
        "repo": "default",
        "type": "github"
      }
    }
  },
  "root": "root",
  "version": 7
}
